// !$*UTF8*$!
{
	archiveVersion = 1;
	classes = {
	};
	objectVersion = 56;
	objects = {

/* Begin PBXBuildFile section */
		1CA32C112D4E999000B65243 /* hackatbrownApp.swift in Sources */ = {isa = PBXBuildFile; fileRef = 1CA32C102D4E999000B65243 /* hackatbrownApp.swift */; };
		1CA32C132D4E999000B65243 /* ContentView.swift in Sources */ = {isa = PBXBuildFile; fileRef = 1CA32C122D4E999000B65243 /* ContentView.swift */; };
		1CA32C152D4E999100B65243 /* Assets.xcassets in Resources */ = {isa = PBXBuildFile; fileRef = 1CA32C142D4E999100B65243 /* Assets.xcassets */; };
		1CA32C182D4E999100B65243 /* Preview Assets.xcassets in Resources */ = {isa = PBXBuildFile; fileRef = 1CA32C172D4E999100B65243 /* Preview Assets.xcassets */; };
		1CA32C222D4E999100B65243 /* hackatbrownTests.swift in Sources */ = {isa = PBXBuildFile; fileRef = 1CA32C212D4E999100B65243 /* hackatbrownTests.swift */; };
		1CA32C2C2D4E999100B65243 /* hackatbrownUITests.swift in Sources */ = {isa = PBXBuildFile; fileRef = 1CA32C2B2D4E999100B65243 /* hackatbrownUITests.swift */; };
		1CA32C2E2D4E999100B65243 /* hackatbrownUITestsLaunchTests.swift in Sources */ = {isa = PBXBuildFile; fileRef = 1CA32C2D2D4E999100B65243 /* hackatbrownUITestsLaunchTests.swift */; };
		1CA32C402D4E9C6000B65243 /* GoogleService-Info.plist in Resources */ = {isa = PBXBuildFile; fileRef = 1CA32C3F2D4E9C6000B65243 /* GoogleService-Info.plist */; };
		1CA32C432D4E9CE600B65243 /* FirebaseAnalytics in Frameworks */ = {isa = PBXBuildFile; productRef = 1CA32C422D4E9CE600B65243 /* FirebaseAnalytics */; };
		1CA32C452D4E9CE600B65243 /* FirebaseAnalyticsWithoutAdIdSupport in Frameworks */ = {isa = PBXBuildFile; productRef = 1CA32C442D4E9CE600B65243 /* FirebaseAnalyticsWithoutAdIdSupport */; };
		1CA32C472D4E9E2900B65243 /* LoginView.swift in Sources */ = {isa = PBXBuildFile; fileRef = 1CA32C462D4E9E2900B65243 /* LoginView.swift */; };
		1CA32C492D4E9EF500B65243 /* LandingView.swift in Sources */ = {isa = PBXBuildFile; fileRef = 1CA32C482D4E9EF500B65243 /* LandingView.swift */; };
		1CA32C4B2D4E9F5600B65243 /* SignUpView.swift in Sources */ = {isa = PBXBuildFile; fileRef = 1CA32C4A2D4E9F5600B65243 /* SignUpView.swift */; };
		1CA32C4F2D4EA17700B65243 /* FirebaseAuth in Frameworks */ = {isa = PBXBuildFile; productRef = 1CA32C4E2D4EA17700B65243 /* FirebaseAuth */; };
		1CA32C512D4EA17700B65243 /* FirebaseCore in Frameworks */ = {isa = PBXBuildFile; productRef = 1CA32C502D4EA17700B65243 /* FirebaseCore */; };
		1CA32C532D4EA17700B65243 /* FirebaseFirestore in Frameworks */ = {isa = PBXBuildFile; productRef = 1CA32C522D4EA17700B65243 /* FirebaseFirestore */; };
		1CA32C9C2D4EAEA600B65243 /* OFL.txt in Resources */ = {isa = PBXBuildFile; fileRef = 1CA32C872D4EAEA600B65243 /* OFL.txt */; };
		1CA32C9D2D4EAEA600B65243 /* README.txt in Resources */ = {isa = PBXBuildFile; fileRef = 1CA32C882D4EAEA600B65243 /* README.txt */; };
		1CA32C9E2D4EAEA600B65243 /* RedditSans-Black.ttf in Resources */ = {isa = PBXBuildFile; fileRef = 1CA32C892D4EAEA600B65243 /* RedditSans-Black.ttf */; };
		1CA32C9F2D4EAEA600B65243 /* RedditSans-BlackItalic.ttf in Resources */ = {isa = PBXBuildFile; fileRef = 1CA32C8A2D4EAEA600B65243 /* RedditSans-BlackItalic.ttf */; };
		1CA32CA02D4EAEA600B65243 /* RedditSans-Bold.ttf in Resources */ = {isa = PBXBuildFile; fileRef = 1CA32C8B2D4EAEA600B65243 /* RedditSans-Bold.ttf */; };
		1CA32CA12D4EAEA600B65243 /* RedditSans-BoldItalic.ttf in Resources */ = {isa = PBXBuildFile; fileRef = 1CA32C8C2D4EAEA600B65243 /* RedditSans-BoldItalic.ttf */; };
		1CA32CA22D4EAEA600B65243 /* RedditSans-ExtraBold.ttf in Resources */ = {isa = PBXBuildFile; fileRef = 1CA32C8D2D4EAEA600B65243 /* RedditSans-ExtraBold.ttf */; };
		1CA32CA32D4EAEA600B65243 /* RedditSans-ExtraBoldItalic.ttf in Resources */ = {isa = PBXBuildFile; fileRef = 1CA32C8E2D4EAEA600B65243 /* RedditSans-ExtraBoldItalic.ttf */; };
		1CA32CA42D4EAEA600B65243 /* RedditSans-ExtraLight.ttf in Resources */ = {isa = PBXBuildFile; fileRef = 1CA32C8F2D4EAEA600B65243 /* RedditSans-ExtraLight.ttf */; };
		1CA32CA52D4EAEA600B65243 /* RedditSans-ExtraLightItalic.ttf in Resources */ = {isa = PBXBuildFile; fileRef = 1CA32C902D4EAEA600B65243 /* RedditSans-ExtraLightItalic.ttf */; };
		1CA32CA62D4EAEA600B65243 /* RedditSans-Italic-VariableFont_wght.ttf in Resources */ = {isa = PBXBuildFile; fileRef = 1CA32C912D4EAEA600B65243 /* RedditSans-Italic-VariableFont_wght.ttf */; };
		1CA32CA72D4EAEA600B65243 /* RedditSans-Italic.ttf in Resources */ = {isa = PBXBuildFile; fileRef = 1CA32C922D4EAEA600B65243 /* RedditSans-Italic.ttf */; };
		1CA32CA82D4EAEA600B65243 /* RedditSans-Light.ttf in Resources */ = {isa = PBXBuildFile; fileRef = 1CA32C932D4EAEA600B65243 /* RedditSans-Light.ttf */; };
		1CA32CA92D4EAEA600B65243 /* RedditSans-LightItalic.ttf in Resources */ = {isa = PBXBuildFile; fileRef = 1CA32C942D4EAEA600B65243 /* RedditSans-LightItalic.ttf */; };
		1CA32CAA2D4EAEA600B65243 /* RedditSans-Medium.ttf in Resources */ = {isa = PBXBuildFile; fileRef = 1CA32C952D4EAEA600B65243 /* RedditSans-Medium.ttf */; };
		1CA32CAB2D4EAEA600B65243 /* RedditSans-MediumItalic.ttf in Resources */ = {isa = PBXBuildFile; fileRef = 1CA32C962D4EAEA600B65243 /* RedditSans-MediumItalic.ttf */; };
		1CA32CAC2D4EAEA600B65243 /* RedditSans-Regular.ttf in Resources */ = {isa = PBXBuildFile; fileRef = 1CA32C972D4EAEA600B65243 /* RedditSans-Regular.ttf */; };
		1CA32CAD2D4EAEA600B65243 /* RedditSans-SemiBold.ttf in Resources */ = {isa = PBXBuildFile; fileRef = 1CA32C982D4EAEA600B65243 /* RedditSans-SemiBold.ttf */; };
		1CA32CAE2D4EAEA600B65243 /* RedditSans-SemiBoldItalic.ttf in Resources */ = {isa = PBXBuildFile; fileRef = 1CA32C992D4EAEA600B65243 /* RedditSans-SemiBoldItalic.ttf */; };
		1CA32CAF2D4EAEA600B65243 /* RedditSans-VariableFont_wght.ttf in Resources */ = {isa = PBXBuildFile; fileRef = 1CA32C9A2D4EAEA600B65243 /* RedditSans-VariableFont_wght.ttf */; };
		1CA32CB52D4EBC0B00B65243 /* index.js in Resources */ = {isa = PBXBuildFile; fileRef = 1CA32CB42D4EBC0B00B65243 /* index.js */; };
		1CA32CB72D4EBC2E00B65243 /* .env in Resources */ = {isa = PBXBuildFile; fileRef = 1CA32CB62D4EBC2E00B65243 /* .env */; };
		1CA32CBA2D4EBCFE00B65243 /* user.js in Resources */ = {isa = PBXBuildFile; fileRef = 1CA32CB92D4EBCFE00B65243 /* user.js */; };
		1CA32CBD2D4EBD2000B65243 /* userRoutes.js in Resources */ = {isa = PBXBuildFile; fileRef = 1CA32CBC2D4EBD2000B65243 /* userRoutes.js */; };
		1CA32CBF2D4EC14200B65243 /* HomeView.swift in Sources */ = {isa = PBXBuildFile; fileRef = 1CA32CBE2D4EC14200B65243 /* HomeView.swift */; };
		1CA32CC12D4EC2AB00B65243 /* SettingsView.swift in Sources */ = {isa = PBXBuildFile; fileRef = 1CA32CC02D4EC2AB00B65243 /* SettingsView.swift */; };
		1CA32CC32D4EC2B200B65243 /* AlertsView.swift in Sources */ = {isa = PBXBuildFile; fileRef = 1CA32CC22D4EC2B200B65243 /* AlertsView.swift */; };
		1CA32CC52D4EC2C000B65243 /* ScanView.swift in Sources */ = {isa = PBXBuildFile; fileRef = 1CA32CC42D4EC2C000B65243 /* ScanView.swift */; };
		1CA32CC72D4EC36500B65243 /* MainTabView.swift in Sources */ = {isa = PBXBuildFile; fileRef = 1CA32CC62D4EC36500B65243 /* MainTabView.swift */; };
		1CA32CC92D4EC55400B65243 /* AuthViewModel.swift in Sources */ = {isa = PBXBuildFile; fileRef = 1CA32CC82D4EC55400B65243 /* AuthViewModel.swift */; };
		1CA32CCB2D4EC77900B65243 /* PlanView.swift in Sources */ = {isa = PBXBuildFile; fileRef = 1CA32CCA2D4EC77900B65243 /* PlanView.swift */; };
		1CA32CCD2D4ECE4200B65243 /* pillRoutes.js in Resources */ = {isa = PBXBuildFile; fileRef = 1CA32CCC2D4ECE4200B65243 /* pillRoutes.js */; };
/* End PBXBuildFile section */

/* Begin PBXContainerItemProxy section */
		1CA32C1E2D4E999100B65243 /* PBXContainerItemProxy */ = {
			isa = PBXContainerItemProxy;
			containerPortal = 1CA32C052D4E999000B65243 /* Project object */;
			proxyType = 1;
			remoteGlobalIDString = 1CA32C0C2D4E999000B65243;
			remoteInfo = hackatbrown;
		};
		1CA32C282D4E999100B65243 /* PBXContainerItemProxy */ = {
			isa = PBXContainerItemProxy;
			containerPortal = 1CA32C052D4E999000B65243 /* Project object */;
			proxyType = 1;
			remoteGlobalIDString = 1CA32C0C2D4E999000B65243;
			remoteInfo = hackatbrown;
		};
/* End PBXContainerItemProxy section */

/* Begin PBXFileReference section */
		1CA32C0D2D4E999000B65243 /* hackatbrown.app */ = {isa = PBXFileReference; explicitFileType = wrapper.application; includeInIndex = 0; path = hackatbrown.app; sourceTree = BUILT_PRODUCTS_DIR; };
		1CA32C102D4E999000B65243 /* hackatbrownApp.swift */ = {isa = PBXFileReference; lastKnownFileType = sourcecode.swift; path = hackatbrownApp.swift; sourceTree = "<group>"; };
		1CA32C122D4E999000B65243 /* ContentView.swift */ = {isa = PBXFileReference; lastKnownFileType = sourcecode.swift; path = ContentView.swift; sourceTree = "<group>"; };
		1CA32C142D4E999100B65243 /* Assets.xcassets */ = {isa = PBXFileReference; lastKnownFileType = folder.assetcatalog; path = Assets.xcassets; sourceTree = "<group>"; };
		1CA32C172D4E999100B65243 /* Preview Assets.xcassets */ = {isa = PBXFileReference; lastKnownFileType = folder.assetcatalog; path = "Preview Assets.xcassets"; sourceTree = "<group>"; };
		1CA32C1D2D4E999100B65243 /* hackatbrownTests.xctest */ = {isa = PBXFileReference; explicitFileType = wrapper.cfbundle; includeInIndex = 0; path = hackatbrownTests.xctest; sourceTree = BUILT_PRODUCTS_DIR; };
		1CA32C212D4E999100B65243 /* hackatbrownTests.swift */ = {isa = PBXFileReference; lastKnownFileType = sourcecode.swift; path = hackatbrownTests.swift; sourceTree = "<group>"; };
		1CA32C272D4E999100B65243 /* hackatbrownUITests.xctest */ = {isa = PBXFileReference; explicitFileType = wrapper.cfbundle; includeInIndex = 0; path = hackatbrownUITests.xctest; sourceTree = BUILT_PRODUCTS_DIR; };
		1CA32C2B2D4E999100B65243 /* hackatbrownUITests.swift */ = {isa = PBXFileReference; lastKnownFileType = sourcecode.swift; path = hackatbrownUITests.swift; sourceTree = "<group>"; };
		1CA32C2D2D4E999100B65243 /* hackatbrownUITestsLaunchTests.swift */ = {isa = PBXFileReference; lastKnownFileType = sourcecode.swift; path = hackatbrownUITestsLaunchTests.swift; sourceTree = "<group>"; };
		1CA32C3F2D4E9C6000B65243 /* GoogleService-Info.plist */ = {isa = PBXFileReference; fileEncoding = 4; lastKnownFileType = text.plist.xml; name = "GoogleService-Info.plist"; path = "../../../../Downloads/GoogleService-Info.plist"; sourceTree = "<group>"; };
		1CA32C462D4E9E2900B65243 /* LoginView.swift */ = {isa = PBXFileReference; lastKnownFileType = sourcecode.swift; path = LoginView.swift; sourceTree = "<group>"; };
		1CA32C482D4E9EF500B65243 /* LandingView.swift */ = {isa = PBXFileReference; lastKnownFileType = sourcecode.swift; path = LandingView.swift; sourceTree = "<group>"; };
		1CA32C4A2D4E9F5600B65243 /* SignUpView.swift */ = {isa = PBXFileReference; lastKnownFileType = sourcecode.swift; path = SignUpView.swift; sourceTree = "<group>"; };
		1CA32C872D4EAEA600B65243 /* OFL.txt */ = {isa = PBXFileReference; fileEncoding = 4; lastKnownFileType = text; path = OFL.txt; sourceTree = "<group>"; };
		1CA32C882D4EAEA600B65243 /* README.txt */ = {isa = PBXFileReference; fileEncoding = 4; lastKnownFileType = text; path = README.txt; sourceTree = "<group>"; };
		1CA32C892D4EAEA600B65243 /* RedditSans-Black.ttf */ = {isa = PBXFileReference; lastKnownFileType = file; path = "RedditSans-Black.ttf"; sourceTree = "<group>"; };
		1CA32C8A2D4EAEA600B65243 /* RedditSans-BlackItalic.ttf */ = {isa = PBXFileReference; lastKnownFileType = file; path = "RedditSans-BlackItalic.ttf"; sourceTree = "<group>"; };
		1CA32C8B2D4EAEA600B65243 /* RedditSans-Bold.ttf */ = {isa = PBXFileReference; lastKnownFileType = file; path = "RedditSans-Bold.ttf"; sourceTree = "<group>"; };
		1CA32C8C2D4EAEA600B65243 /* RedditSans-BoldItalic.ttf */ = {isa = PBXFileReference; lastKnownFileType = file; path = "RedditSans-BoldItalic.ttf"; sourceTree = "<group>"; };
		1CA32C8D2D4EAEA600B65243 /* RedditSans-ExtraBold.ttf */ = {isa = PBXFileReference; lastKnownFileType = file; path = "RedditSans-ExtraBold.ttf"; sourceTree = "<group>"; };
		1CA32C8E2D4EAEA600B65243 /* RedditSans-ExtraBoldItalic.ttf */ = {isa = PBXFileReference; lastKnownFileType = file; path = "RedditSans-ExtraBoldItalic.ttf"; sourceTree = "<group>"; };
		1CA32C8F2D4EAEA600B65243 /* RedditSans-ExtraLight.ttf */ = {isa = PBXFileReference; lastKnownFileType = file; path = "RedditSans-ExtraLight.ttf"; sourceTree = "<group>"; };
		1CA32C902D4EAEA600B65243 /* RedditSans-ExtraLightItalic.ttf */ = {isa = PBXFileReference; lastKnownFileType = file; path = "RedditSans-ExtraLightItalic.ttf"; sourceTree = "<group>"; };
		1CA32C912D4EAEA600B65243 /* RedditSans-Italic-VariableFont_wght.ttf */ = {isa = PBXFileReference; lastKnownFileType = file; path = "RedditSans-Italic-VariableFont_wght.ttf"; sourceTree = "<group>"; };
		1CA32C922D4EAEA600B65243 /* RedditSans-Italic.ttf */ = {isa = PBXFileReference; lastKnownFileType = file; path = "RedditSans-Italic.ttf"; sourceTree = "<group>"; };
		1CA32C932D4EAEA600B65243 /* RedditSans-Light.ttf */ = {isa = PBXFileReference; lastKnownFileType = file; path = "RedditSans-Light.ttf"; sourceTree = "<group>"; };
		1CA32C942D4EAEA600B65243 /* RedditSans-LightItalic.ttf */ = {isa = PBXFileReference; lastKnownFileType = file; path = "RedditSans-LightItalic.ttf"; sourceTree = "<group>"; };
		1CA32C952D4EAEA600B65243 /* RedditSans-Medium.ttf */ = {isa = PBXFileReference; lastKnownFileType = file; path = "RedditSans-Medium.ttf"; sourceTree = "<group>"; };
		1CA32C962D4EAEA600B65243 /* RedditSans-MediumItalic.ttf */ = {isa = PBXFileReference; lastKnownFileType = file; path = "RedditSans-MediumItalic.ttf"; sourceTree = "<group>"; };
		1CA32C972D4EAEA600B65243 /* RedditSans-Regular.ttf */ = {isa = PBXFileReference; lastKnownFileType = file; path = "RedditSans-Regular.ttf"; sourceTree = "<group>"; };
		1CA32C982D4EAEA600B65243 /* RedditSans-SemiBold.ttf */ = {isa = PBXFileReference; lastKnownFileType = file; path = "RedditSans-SemiBold.ttf"; sourceTree = "<group>"; };
		1CA32C992D4EAEA600B65243 /* RedditSans-SemiBoldItalic.ttf */ = {isa = PBXFileReference; lastKnownFileType = file; path = "RedditSans-SemiBoldItalic.ttf"; sourceTree = "<group>"; };
		1CA32C9A2D4EAEA600B65243 /* RedditSans-VariableFont_wght.ttf */ = {isa = PBXFileReference; lastKnownFileType = file; path = "RedditSans-VariableFont_wght.ttf"; sourceTree = "<group>"; };
		1CA32CB02D4EAEB200B65243 /* Info.plist */ = {isa = PBXFileReference; lastKnownFileType = text.plist.xml; path = Info.plist; sourceTree = "<group>"; };
		1CA32CB42D4EBC0B00B65243 /* index.js */ = {isa = PBXFileReference; lastKnownFileType = sourcecode.javascript; path = index.js; sourceTree = "<group>"; };
		1CA32CB62D4EBC2E00B65243 /* .env */ = {isa = PBXFileReference; lastKnownFileType = text; path = .env; sourceTree = "<group>"; };
		1CA32CB92D4EBCFE00B65243 /* user.js */ = {isa = PBXFileReference; lastKnownFileType = sourcecode.javascript; path = user.js; sourceTree = "<group>"; };
		1CA32CBC2D4EBD2000B65243 /* userRoutes.js */ = {isa = PBXFileReference; lastKnownFileType = sourcecode.javascript; path = userRoutes.js; sourceTree = "<group>"; };
		1CA32CBE2D4EC14200B65243 /* HomeView.swift */ = {isa = PBXFileReference; lastKnownFileType = sourcecode.swift; path = HomeView.swift; sourceTree = "<group>"; };
		1CA32CC02D4EC2AB00B65243 /* SettingsView.swift */ = {isa = PBXFileReference; lastKnownFileType = sourcecode.swift; path = SettingsView.swift; sourceTree = "<group>"; };
		1CA32CC22D4EC2B200B65243 /* AlertsView.swift */ = {isa = PBXFileReference; lastKnownFileType = sourcecode.swift; path = AlertsView.swift; sourceTree = "<group>"; };
		1CA32CC42D4EC2C000B65243 /* ScanView.swift */ = {isa = PBXFileReference; lastKnownFileType = sourcecode.swift; path = ScanView.swift; sourceTree = "<group>"; };
		1CA32CC62D4EC36500B65243 /* MainTabView.swift */ = {isa = PBXFileReference; lastKnownFileType = sourcecode.swift; path = MainTabView.swift; sourceTree = "<group>"; };
		1CA32CC82D4EC55400B65243 /* AuthViewModel.swift */ = {isa = PBXFileReference; lastKnownFileType = sourcecode.swift; path = AuthViewModel.swift; sourceTree = "<group>"; };
		1CA32CCA2D4EC77900B65243 /* PlanView.swift */ = {isa = PBXFileReference; lastKnownFileType = sourcecode.swift; path = PlanView.swift; sourceTree = "<group>"; };
		1CA32CCC2D4ECE4200B65243 /* pillRoutes.js */ = {isa = PBXFileReference; lastKnownFileType = sourcecode.javascript; path = pillRoutes.js; sourceTree = "<group>"; };
/* End PBXFileReference section */

/* Begin PBXFrameworksBuildPhase section */
		1CA32C0A2D4E999000B65243 /* Frameworks */ = {
			isa = PBXFrameworksBuildPhase;
			buildActionMask = 2147483647;
			files = (
				1CA32C432D4E9CE600B65243 /* FirebaseAnalytics in Frameworks */,
				1CA32C4F2D4EA17700B65243 /* FirebaseAuth in Frameworks */,
				1CA32C512D4EA17700B65243 /* FirebaseCore in Frameworks */,
				1CA32C532D4EA17700B65243 /* FirebaseFirestore in Frameworks */,
				1CA32C452D4E9CE600B65243 /* FirebaseAnalyticsWithoutAdIdSupport in Frameworks */,
			);
			runOnlyForDeploymentPostprocessing = 0;
		};
		1CA32C1A2D4E999100B65243 /* Frameworks */ = {
			isa = PBXFrameworksBuildPhase;
			buildActionMask = 2147483647;
			files = (
			);
			runOnlyForDeploymentPostprocessing = 0;
		};
		1CA32C242D4E999100B65243 /* Frameworks */ = {
			isa = PBXFrameworksBuildPhase;
			buildActionMask = 2147483647;
			files = (
			);
			runOnlyForDeploymentPostprocessing = 0;
		};
/* End PBXFrameworksBuildPhase section */

/* Begin PBXGroup section */
		1CA32C042D4E999000B65243 = {
			isa = PBXGroup;
			children = (
				1CA32C0F2D4E999000B65243 /* hackatbrown */,
				1CA32C202D4E999100B65243 /* hackatbrownTests */,
				1CA32C2A2D4E999100B65243 /* hackatbrownUITests */,
				1CA32C0E2D4E999000B65243 /* Products */,
			);
			sourceTree = "<group>";
		};
		1CA32C0E2D4E999000B65243 /* Products */ = {
			isa = PBXGroup;
			children = (
				1CA32C0D2D4E999000B65243 /* hackatbrown.app */,
				1CA32C1D2D4E999100B65243 /* hackatbrownTests.xctest */,
				1CA32C272D4E999100B65243 /* hackatbrownUITests.xctest */,
			);
			name = Products;
			sourceTree = "<group>";
		};
		1CA32C0F2D4E999000B65243 /* hackatbrown */ = {
			isa = PBXGroup;
			children = (
				1CA32CB12D4EBBC900B65243 /* backend */,
				1CA32CB02D4EAEB200B65243 /* Info.plist */,
				1CA32C5B2D4EAE2E00B65243 /* Resources */,
				1CA32C3F2D4E9C6000B65243 /* GoogleService-Info.plist */,
				1CA32C102D4E999000B65243 /* hackatbrownApp.swift */,
				1CA32CC82D4EC55400B65243 /* AuthViewModel.swift */,
				1CA32C122D4E999000B65243 /* ContentView.swift */,
				1CA32C462D4E9E2900B65243 /* LoginView.swift */,
				1CA32C4A2D4E9F5600B65243 /* SignUpView.swift */,
				1CA32CC02D4EC2AB00B65243 /* SettingsView.swift */,
				1CA32CC62D4EC36500B65243 /* MainTabView.swift */,
				1CA32CC22D4EC2B200B65243 /* AlertsView.swift */,
				1CA32CC42D4EC2C000B65243 /* ScanView.swift */,
				1CA32CBE2D4EC14200B65243 /* HomeView.swift */,
				1CA32CCA2D4EC77900B65243 /* PlanView.swift */,
				1CA32C482D4E9EF500B65243 /* LandingView.swift */,
				1CA32C142D4E999100B65243 /* Assets.xcassets */,
				1CA32C162D4E999100B65243 /* Preview Content */,
			);
			path = hackatbrown;
			sourceTree = "<group>";
		};
		1CA32C162D4E999100B65243 /* Preview Content */ = {
			isa = PBXGroup;
			children = (
				1CA32C172D4E999100B65243 /* Preview Assets.xcassets */,
			);
			path = "Preview Content";
			sourceTree = "<group>";
		};
		1CA32C202D4E999100B65243 /* hackatbrownTests */ = {
			isa = PBXGroup;
			children = (
				1CA32C212D4E999100B65243 /* hackatbrownTests.swift */,
			);
			path = hackatbrownTests;
			sourceTree = "<group>";
		};
		1CA32C2A2D4E999100B65243 /* hackatbrownUITests */ = {
			isa = PBXGroup;
			children = (
				1CA32C2B2D4E999100B65243 /* hackatbrownUITests.swift */,
				1CA32C2D2D4E999100B65243 /* hackatbrownUITestsLaunchTests.swift */,
			);
			path = hackatbrownUITests;
			sourceTree = "<group>";
		};
		1CA32C5B2D4EAE2E00B65243 /* Resources */ = {
			isa = PBXGroup;
			children = (
				1CA32C9B2D4EAEA600B65243 /* Reddit_Sans */,
			);
			path = Resources;
			sourceTree = "<group>";
		};
		1CA32C862D4EAEA600B65243 /* static */ = {
			isa = PBXGroup;
			children = (
			);
			path = static;
			sourceTree = "<group>";
		};
		1CA32C9B2D4EAEA600B65243 /* Reddit_Sans */ = {
			isa = PBXGroup;
			children = (
				1CA32C862D4EAEA600B65243 /* static */,
				1CA32C872D4EAEA600B65243 /* OFL.txt */,
				1CA32C882D4EAEA600B65243 /* README.txt */,
				1CA32C892D4EAEA600B65243 /* RedditSans-Black.ttf */,
				1CA32C8A2D4EAEA600B65243 /* RedditSans-BlackItalic.ttf */,
				1CA32C8B2D4EAEA600B65243 /* RedditSans-Bold.ttf */,
				1CA32C8C2D4EAEA600B65243 /* RedditSans-BoldItalic.ttf */,
				1CA32C8D2D4EAEA600B65243 /* RedditSans-ExtraBold.ttf */,
				1CA32C8E2D4EAEA600B65243 /* RedditSans-ExtraBoldItalic.ttf */,
				1CA32C8F2D4EAEA600B65243 /* RedditSans-ExtraLight.ttf */,
				1CA32C902D4EAEA600B65243 /* RedditSans-ExtraLightItalic.ttf */,
				1CA32C912D4EAEA600B65243 /* RedditSans-Italic-VariableFont_wght.ttf */,
				1CA32C922D4EAEA600B65243 /* RedditSans-Italic.ttf */,
				1CA32C932D4EAEA600B65243 /* RedditSans-Light.ttf */,
				1CA32C942D4EAEA600B65243 /* RedditSans-LightItalic.ttf */,
				1CA32C952D4EAEA600B65243 /* RedditSans-Medium.ttf */,
				1CA32C962D4EAEA600B65243 /* RedditSans-MediumItalic.ttf */,
				1CA32C972D4EAEA600B65243 /* RedditSans-Regular.ttf */,
				1CA32C982D4EAEA600B65243 /* RedditSans-SemiBold.ttf */,
				1CA32C992D4EAEA600B65243 /* RedditSans-SemiBoldItalic.ttf */,
				1CA32C9A2D4EAEA600B65243 /* RedditSans-VariableFont_wght.ttf */,
			);
			name = Reddit_Sans;
			path = ../../../../../Downloads/Reddit_Sans;
			sourceTree = "<group>";
		};
		1CA32CB12D4EBBC900B65243 /* backend */ = {
			isa = PBXGroup;
			children = (
				1CA32CBB2D4EBD1000B65243 /* routes */,
				1CA32CB82D4EBCEC00B65243 /* models */,
				1CA32CB42D4EBC0B00B65243 /* index.js */,
				1CA32CB62D4EBC2E00B65243 /* .env */,
			);
			path = backend;
			sourceTree = "<group>";
		};
		1CA32CB82D4EBCEC00B65243 /* models */ = {
			isa = PBXGroup;
			children = (
				1CA32CB92D4EBCFE00B65243 /* user.js */,
			);
			path = models;
			sourceTree = "<group>";
		};
		1CA32CBB2D4EBD1000B65243 /* routes */ = {
			isa = PBXGroup;
			children = (
				1CA32CBC2D4EBD2000B65243 /* userRoutes.js */,
				1CA32CCC2D4ECE4200B65243 /* pillRoutes.js */,
			);
			path = routes;
			sourceTree = "<group>";
		};
/* End PBXGroup section */

/* Begin PBXNativeTarget section */
		1CA32C0C2D4E999000B65243 /* hackatbrown */ = {
			isa = PBXNativeTarget;
			buildConfigurationList = 1CA32C312D4E999100B65243 /* Build configuration list for PBXNativeTarget "hackatbrown" */;
			buildPhases = (
				1CA32C092D4E999000B65243 /* Sources */,
				1CA32C0A2D4E999000B65243 /* Frameworks */,
				1CA32C0B2D4E999000B65243 /* Resources */,
			);
			buildRules = (
			);
			dependencies = (
			);
			name = hackatbrown;
			packageProductDependencies = (
				1CA32C422D4E9CE600B65243 /* FirebaseAnalytics */,
				1CA32C442D4E9CE600B65243 /* FirebaseAnalyticsWithoutAdIdSupport */,
				1CA32C4E2D4EA17700B65243 /* FirebaseAuth */,
				1CA32C502D4EA17700B65243 /* FirebaseCore */,
				1CA32C522D4EA17700B65243 /* FirebaseFirestore */,
			);
			productName = hackatbrown;
			productReference = 1CA32C0D2D4E999000B65243 /* hackatbrown.app */;
			productType = "com.apple.product-type.application";
		};
		1CA32C1C2D4E999100B65243 /* hackatbrownTests */ = {
			isa = PBXNativeTarget;
			buildConfigurationList = 1CA32C342D4E999100B65243 /* Build configuration list for PBXNativeTarget "hackatbrownTests" */;
			buildPhases = (
				1CA32C192D4E999100B65243 /* Sources */,
				1CA32C1A2D4E999100B65243 /* Frameworks */,
				1CA32C1B2D4E999100B65243 /* Resources */,
			);
			buildRules = (
			);
			dependencies = (
				1CA32C1F2D4E999100B65243 /* PBXTargetDependency */,
			);
			name = hackatbrownTests;
			productName = hackatbrownTests;
			productReference = 1CA32C1D2D4E999100B65243 /* hackatbrownTests.xctest */;
			productType = "com.apple.product-type.bundle.unit-test";
		};
		1CA32C262D4E999100B65243 /* hackatbrownUITests */ = {
			isa = PBXNativeTarget;
			buildConfigurationList = 1CA32C372D4E999100B65243 /* Build configuration list for PBXNativeTarget "hackatbrownUITests" */;
			buildPhases = (
				1CA32C232D4E999100B65243 /* Sources */,
				1CA32C242D4E999100B65243 /* Frameworks */,
				1CA32C252D4E999100B65243 /* Resources */,
			);
			buildRules = (
			);
			dependencies = (
				1CA32C292D4E999100B65243 /* PBXTargetDependency */,
			);
			name = hackatbrownUITests;
			productName = hackatbrownUITests;
			productReference = 1CA32C272D4E999100B65243 /* hackatbrownUITests.xctest */;
			productType = "com.apple.product-type.bundle.ui-testing";
		};
/* End PBXNativeTarget section */

/* Begin PBXProject section */
		1CA32C052D4E999000B65243 /* Project object */ = {
			isa = PBXProject;
			attributes = {
				BuildIndependentTargetsInParallel = 1;
				LastSwiftUpdateCheck = 1530;
				LastUpgradeCheck = 1530;
				TargetAttributes = {
					1CA32C0C2D4E999000B65243 = {
						CreatedOnToolsVersion = 15.3;
					};
					1CA32C1C2D4E999100B65243 = {
						CreatedOnToolsVersion = 15.3;
						TestTargetID = 1CA32C0C2D4E999000B65243;
					};
					1CA32C262D4E999100B65243 = {
						CreatedOnToolsVersion = 15.3;
						TestTargetID = 1CA32C0C2D4E999000B65243;
					};
				};
			};
			buildConfigurationList = 1CA32C082D4E999000B65243 /* Build configuration list for PBXProject "hackatbrown" */;
			compatibilityVersion = "Xcode 14.0";
			developmentRegion = en;
			hasScannedForEncodings = 0;
			knownRegions = (
				en,
				Base,
			);
			mainGroup = 1CA32C042D4E999000B65243;
			packageReferences = (
				1CA32C412D4E9CE600B65243 /* XCRemoteSwiftPackageReference "firebase-ios-sdk" */,
			);
			productRefGroup = 1CA32C0E2D4E999000B65243 /* Products */;
			projectDirPath = "";
			projectRoot = "";
			targets = (
				1CA32C0C2D4E999000B65243 /* hackatbrown */,
				1CA32C1C2D4E999100B65243 /* hackatbrownTests */,
				1CA32C262D4E999100B65243 /* hackatbrownUITests */,
			);
		};
/* End PBXProject section */

/* Begin PBXResourcesBuildPhase section */
		1CA32C0B2D4E999000B65243 /* Resources */ = {
			isa = PBXResourcesBuildPhase;
			buildActionMask = 2147483647;
			files = (
				1CA32CA52D4EAEA600B65243 /* RedditSans-ExtraLightItalic.ttf in Resources */,
				1CA32CA32D4EAEA600B65243 /* RedditSans-ExtraBoldItalic.ttf in Resources */,
				1CA32CAE2D4EAEA600B65243 /* RedditSans-SemiBoldItalic.ttf in Resources */,
				1CA32CB52D4EBC0B00B65243 /* index.js in Resources */,
				1CA32CAC2D4EAEA600B65243 /* RedditSans-Regular.ttf in Resources */,
				1CA32C182D4E999100B65243 /* Preview Assets.xcassets in Resources */,
				1CA32C9F2D4EAEA600B65243 /* RedditSans-BlackItalic.ttf in Resources */,
				1CA32C152D4E999100B65243 /* Assets.xcassets in Resources */,
				1CA32C9C2D4EAEA600B65243 /* OFL.txt in Resources */,
				1CA32CA82D4EAEA600B65243 /* RedditSans-Light.ttf in Resources */,
				1CA32C9E2D4EAEA600B65243 /* RedditSans-Black.ttf in Resources */,
				1CA32CA72D4EAEA600B65243 /* RedditSans-Italic.ttf in Resources */,
				1CA32C402D4E9C6000B65243 /* GoogleService-Info.plist in Resources */,
				1CA32CAA2D4EAEA600B65243 /* RedditSans-Medium.ttf in Resources */,
				1CA32CAD2D4EAEA600B65243 /* RedditSans-SemiBold.ttf in Resources */,
				1CA32CA02D4EAEA600B65243 /* RedditSans-Bold.ttf in Resources */,
				1CA32CA22D4EAEA600B65243 /* RedditSans-ExtraBold.ttf in Resources */,
				1CA32CAF2D4EAEA600B65243 /* RedditSans-VariableFont_wght.ttf in Resources */,
				1CA32CA62D4EAEA600B65243 /* RedditSans-Italic-VariableFont_wght.ttf in Resources */,
				1CA32CAB2D4EAEA600B65243 /* RedditSans-MediumItalic.ttf in Resources */,
				1CA32CBD2D4EBD2000B65243 /* userRoutes.js in Resources */,
				1CA32CB72D4EBC2E00B65243 /* .env in Resources */,
				1CA32CBA2D4EBCFE00B65243 /* user.js in Resources */,
				1CA32CA92D4EAEA600B65243 /* RedditSans-LightItalic.ttf in Resources */,
				1CA32CA12D4EAEA600B65243 /* RedditSans-BoldItalic.ttf in Resources */,
				1CA32C9D2D4EAEA600B65243 /* README.txt in Resources */,
				1CA32CA42D4EAEA600B65243 /* RedditSans-ExtraLight.ttf in Resources */,
				1CA32CCD2D4ECE4200B65243 /* pillRoutes.js in Resources */,
			);
			runOnlyForDeploymentPostprocessing = 0;
		};
		1CA32C1B2D4E999100B65243 /* Resources */ = {
			isa = PBXResourcesBuildPhase;
			buildActionMask = 2147483647;
			files = (
			);
			runOnlyForDeploymentPostprocessing = 0;
		};
		1CA32C252D4E999100B65243 /* Resources */ = {
			isa = PBXResourcesBuildPhase;
			buildActionMask = 2147483647;
			files = (
			);
			runOnlyForDeploymentPostprocessing = 0;
		};
/* End PBXResourcesBuildPhase section */

/* Begin PBXSourcesBuildPhase section */
		1CA32C092D4E999000B65243 /* Sources */ = {
			isa = PBXSourcesBuildPhase;
			buildActionMask = 2147483647;
			files = (
				1CA32CC12D4EC2AB00B65243 /* SettingsView.swift in Sources */,
				1CA32CC32D4EC2B200B65243 /* AlertsView.swift in Sources */,
				1CA32C492D4E9EF500B65243 /* LandingView.swift in Sources */,
				1CA32C4B2D4E9F5600B65243 /* SignUpView.swift in Sources */,
				1CA32C472D4E9E2900B65243 /* LoginView.swift in Sources */,
				1CA32CC52D4EC2C000B65243 /* ScanView.swift in Sources */,
				1CA32CBF2D4EC14200B65243 /* HomeView.swift in Sources */,
				1CA32CC92D4EC55400B65243 /* AuthViewModel.swift in Sources */,
				1CA32C132D4E999000B65243 /* ContentView.swift in Sources */,
				1CA32C112D4E999000B65243 /* hackatbrownApp.swift in Sources */,
				1CA32CC72D4EC36500B65243 /* MainTabView.swift in Sources */,
				1CA32CCB2D4EC77900B65243 /* PlanView.swift in Sources */,
			);
			runOnlyForDeploymentPostprocessing = 0;
		};
		1CA32C192D4E999100B65243 /* Sources */ = {
			isa = PBXSourcesBuildPhase;
			buildActionMask = 2147483647;
			files = (
				1CA32C222D4E999100B65243 /* hackatbrownTests.swift in Sources */,
			);
			runOnlyForDeploymentPostprocessing = 0;
		};
		1CA32C232D4E999100B65243 /* Sources */ = {
			isa = PBXSourcesBuildPhase;
			buildActionMask = 2147483647;
			files = (
				1CA32C2C2D4E999100B65243 /* hackatbrownUITests.swift in Sources */,
				1CA32C2E2D4E999100B65243 /* hackatbrownUITestsLaunchTests.swift in Sources */,
			);
			runOnlyForDeploymentPostprocessing = 0;
		};
/* End PBXSourcesBuildPhase section */

/* Begin PBXTargetDependency section */
		1CA32C1F2D4E999100B65243 /* PBXTargetDependency */ = {
			isa = PBXTargetDependency;
			target = 1CA32C0C2D4E999000B65243 /* hackatbrown */;
			targetProxy = 1CA32C1E2D4E999100B65243 /* PBXContainerItemProxy */;
		};
		1CA32C292D4E999100B65243 /* PBXTargetDependency */ = {
			isa = PBXTargetDependency;
			target = 1CA32C0C2D4E999000B65243 /* hackatbrown */;
			targetProxy = 1CA32C282D4E999100B65243 /* PBXContainerItemProxy */;
		};
/* End PBXTargetDependency section */

/* Begin XCBuildConfiguration section */
		1CA32C2F2D4E999100B65243 /* Debug */ = {
			isa = XCBuildConfiguration;
			buildSettings = {
				ALWAYS_SEARCH_USER_PATHS = NO;
				ASSETCATALOG_COMPILER_GENERATE_SWIFT_ASSET_SYMBOL_EXTENSIONS = YES;
				CLANG_ANALYZER_NONNULL = YES;
				CLANG_ANALYZER_NUMBER_OBJECT_CONVERSION = YES_AGGRESSIVE;
				CLANG_CXX_LANGUAGE_STANDARD = "gnu++20";
				CLANG_ENABLE_MODULES = YES;
				CLANG_ENABLE_OBJC_ARC = YES;
				CLANG_ENABLE_OBJC_WEAK = YES;
				CLANG_WARN_BLOCK_CAPTURE_AUTORELEASING = YES;
				CLANG_WARN_BOOL_CONVERSION = YES;
				CLANG_WARN_COMMA = YES;
				CLANG_WARN_CONSTANT_CONVERSION = YES;
				CLANG_WARN_DEPRECATED_OBJC_IMPLEMENTATIONS = YES;
				CLANG_WARN_DIRECT_OBJC_ISA_USAGE = YES_ERROR;
				CLANG_WARN_DOCUMENTATION_COMMENTS = YES;
				CLANG_WARN_EMPTY_BODY = YES;
				CLANG_WARN_ENUM_CONVERSION = YES;
				CLANG_WARN_INFINITE_RECURSION = YES;
				CLANG_WARN_INT_CONVERSION = YES;
				CLANG_WARN_NON_LITERAL_NULL_CONVERSION = YES;
				CLANG_WARN_OBJC_IMPLICIT_RETAIN_SELF = YES;
				CLANG_WARN_OBJC_LITERAL_CONVERSION = YES;
				CLANG_WARN_OBJC_ROOT_CLASS = YES_ERROR;
				CLANG_WARN_QUOTED_INCLUDE_IN_FRAMEWORK_HEADER = YES;
				CLANG_WARN_RANGE_LOOP_ANALYSIS = YES;
				CLANG_WARN_STRICT_PROTOTYPES = YES;
				CLANG_WARN_SUSPICIOUS_MOVE = YES;
				CLANG_WARN_UNGUARDED_AVAILABILITY = YES_AGGRESSIVE;
				CLANG_WARN_UNREACHABLE_CODE = YES;
				CLANG_WARN__DUPLICATE_METHOD_MATCH = YES;
				COPY_PHASE_STRIP = NO;
				DEBUG_INFORMATION_FORMAT = dwarf;
				ENABLE_STRICT_OBJC_MSGSEND = YES;
				ENABLE_TESTABILITY = YES;
				ENABLE_USER_SCRIPT_SANDBOXING = YES;
				GCC_C_LANGUAGE_STANDARD = gnu17;
				GCC_DYNAMIC_NO_PIC = NO;
				GCC_NO_COMMON_BLOCKS = YES;
				GCC_OPTIMIZATION_LEVEL = 0;
				GCC_PREPROCESSOR_DEFINITIONS = (
					"DEBUG=1",
					"$(inherited)",
				);
				GCC_WARN_64_TO_32_BIT_CONVERSION = YES;
				GCC_WARN_ABOUT_RETURN_TYPE = YES_ERROR;
				GCC_WARN_UNDECLARED_SELECTOR = YES;
				GCC_WARN_UNINITIALIZED_AUTOS = YES_AGGRESSIVE;
				GCC_WARN_UNUSED_FUNCTION = YES;
				GCC_WARN_UNUSED_VARIABLE = YES;
				IPHONEOS_DEPLOYMENT_TARGET = 17.4;
				LOCALIZATION_PREFERS_STRING_CATALOGS = YES;
				MTL_ENABLE_DEBUG_INFO = INCLUDE_SOURCE;
				MTL_FAST_MATH = YES;
				ONLY_ACTIVE_ARCH = YES;
				SDKROOT = iphoneos;
				SWIFT_ACTIVE_COMPILATION_CONDITIONS = "DEBUG $(inherited)";
				SWIFT_OPTIMIZATION_LEVEL = "-Onone";
			};
			name = Debug;
		};
		1CA32C302D4E999100B65243 /* Release */ = {
			isa = XCBuildConfiguration;
			buildSettings = {
				ALWAYS_SEARCH_USER_PATHS = NO;
				ASSETCATALOG_COMPILER_GENERATE_SWIFT_ASSET_SYMBOL_EXTENSIONS = YES;
				CLANG_ANALYZER_NONNULL = YES;
				CLANG_ANALYZER_NUMBER_OBJECT_CONVERSION = YES_AGGRESSIVE;
				CLANG_CXX_LANGUAGE_STANDARD = "gnu++20";
				CLANG_ENABLE_MODULES = YES;
				CLANG_ENABLE_OBJC_ARC = YES;
				CLANG_ENABLE_OBJC_WEAK = YES;
				CLANG_WARN_BLOCK_CAPTURE_AUTORELEASING = YES;
				CLANG_WARN_BOOL_CONVERSION = YES;
				CLANG_WARN_COMMA = YES;
				CLANG_WARN_CONSTANT_CONVERSION = YES;
				CLANG_WARN_DEPRECATED_OBJC_IMPLEMENTATIONS = YES;
				CLANG_WARN_DIRECT_OBJC_ISA_USAGE = YES_ERROR;
				CLANG_WARN_DOCUMENTATION_COMMENTS = YES;
				CLANG_WARN_EMPTY_BODY = YES;
				CLANG_WARN_ENUM_CONVERSION = YES;
				CLANG_WARN_INFINITE_RECURSION = YES;
				CLANG_WARN_INT_CONVERSION = YES;
				CLANG_WARN_NON_LITERAL_NULL_CONVERSION = YES;
				CLANG_WARN_OBJC_IMPLICIT_RETAIN_SELF = YES;
				CLANG_WARN_OBJC_LITERAL_CONVERSION = YES;
				CLANG_WARN_OBJC_ROOT_CLASS = YES_ERROR;
				CLANG_WARN_QUOTED_INCLUDE_IN_FRAMEWORK_HEADER = YES;
				CLANG_WARN_RANGE_LOOP_ANALYSIS = YES;
				CLANG_WARN_STRICT_PROTOTYPES = YES;
				CLANG_WARN_SUSPICIOUS_MOVE = YES;
				CLANG_WARN_UNGUARDED_AVAILABILITY = YES_AGGRESSIVE;
				CLANG_WARN_UNREACHABLE_CODE = YES;
				CLANG_WARN__DUPLICATE_METHOD_MATCH = YES;
				COPY_PHASE_STRIP = NO;
				DEBUG_INFORMATION_FORMAT = "dwarf-with-dsym";
				ENABLE_NS_ASSERTIONS = NO;
				ENABLE_STRICT_OBJC_MSGSEND = YES;
				ENABLE_USER_SCRIPT_SANDBOXING = YES;
				GCC_C_LANGUAGE_STANDARD = gnu17;
				GCC_NO_COMMON_BLOCKS = YES;
				GCC_WARN_64_TO_32_BIT_CONVERSION = YES;
				GCC_WARN_ABOUT_RETURN_TYPE = YES_ERROR;
				GCC_WARN_UNDECLARED_SELECTOR = YES;
				GCC_WARN_UNINITIALIZED_AUTOS = YES_AGGRESSIVE;
				GCC_WARN_UNUSED_FUNCTION = YES;
				GCC_WARN_UNUSED_VARIABLE = YES;
				IPHONEOS_DEPLOYMENT_TARGET = 17.4;
				LOCALIZATION_PREFERS_STRING_CATALOGS = YES;
				MTL_ENABLE_DEBUG_INFO = NO;
				MTL_FAST_MATH = YES;
				SDKROOT = iphoneos;
				SWIFT_COMPILATION_MODE = wholemodule;
				VALIDATE_PRODUCT = YES;
			};
			name = Release;
		};
		1CA32C322D4E999100B65243 /* Debug */ = {
			isa = XCBuildConfiguration;
			buildSettings = {
				ASSETCATALOG_COMPILER_APPICON_NAME = AppIcon;
				ASSETCATALOG_COMPILER_GLOBAL_ACCENT_COLOR_NAME = AccentColor;
				CODE_SIGN_STYLE = Automatic;
				CURRENT_PROJECT_VERSION = 1;
				DEVELOPMENT_ASSET_PATHS = "\"hackatbrown/Preview Content\"";
				ENABLE_PREVIEWS = YES;
				GENERATE_INFOPLIST_FILE = YES;
				INFOPLIST_FILE = hackatbrown/Info.plist;
				INFOPLIST_KEY_UIApplicationSceneManifest_Generation = YES;
				INFOPLIST_KEY_UIApplicationSupportsIndirectInputEvents = YES;
				INFOPLIST_KEY_UILaunchScreen_Generation = YES;
				INFOPLIST_KEY_UISupportedInterfaceOrientations_iPad = "UIInterfaceOrientationPortrait UIInterfaceOrientationPortraitUpsideDown UIInterfaceOrientationLandscapeLeft UIInterfaceOrientationLandscapeRight";
				INFOPLIST_KEY_UISupportedInterfaceOrientations_iPhone = "UIInterfaceOrientationPortrait UIInterfaceOrientationLandscapeLeft UIInterfaceOrientationLandscapeRight";
				LD_RUNPATH_SEARCH_PATHS = (
					"$(inherited)",
					"@executable_path/Frameworks",
				);
				MARKETING_VERSION = 1.0;
				PRODUCT_BUNDLE_IDENTIFIER = hailey.hackatbrown;
				PRODUCT_NAME = "$(TARGET_NAME)";
				SWIFT_EMIT_LOC_STRINGS = YES;
				SWIFT_VERSION = 5.0;
				TARGETED_DEVICE_FAMILY = "1,2";
			};
			name = Debug;
		};
		1CA32C332D4E999100B65243 /* Release */ = {
			isa = XCBuildConfiguration;
			buildSettings = {
				ASSETCATALOG_COMPILER_APPICON_NAME = AppIcon;
				ASSETCATALOG_COMPILER_GLOBAL_ACCENT_COLOR_NAME = AccentColor;
				CODE_SIGN_STYLE = Automatic;
				CURRENT_PROJECT_VERSION = 1;
				DEVELOPMENT_ASSET_PATHS = "\"hackatbrown/Preview Content\"";
				ENABLE_PREVIEWS = YES;
				GENERATE_INFOPLIST_FILE = YES;
				INFOPLIST_FILE = hackatbrown/Info.plist;
				INFOPLIST_KEY_UIApplicationSceneManifest_Generation = YES;
				INFOPLIST_KEY_UIApplicationSupportsIndirectInputEvents = YES;
				INFOPLIST_KEY_UILaunchScreen_Generation = YES;
				INFOPLIST_KEY_UISupportedInterfaceOrientations_iPad = "UIInterfaceOrientationPortrait UIInterfaceOrientationPortraitUpsideDown UIInterfaceOrientationLandscapeLeft UIInterfaceOrientationLandscapeRight";
				INFOPLIST_KEY_UISupportedInterfaceOrientations_iPhone = "UIInterfaceOrientationPortrait UIInterfaceOrientationLandscapeLeft UIInterfaceOrientationLandscapeRight";
				LD_RUNPATH_SEARCH_PATHS = (
					"$(inherited)",
					"@executable_path/Frameworks",
				);
				MARKETING_VERSION = 1.0;
				PRODUCT_BUNDLE_IDENTIFIER = hailey.hackatbrown;
				PRODUCT_NAME = "$(TARGET_NAME)";
				SWIFT_EMIT_LOC_STRINGS = YES;
				SWIFT_VERSION = 5.0;
				TARGETED_DEVICE_FAMILY = "1,2";
			};
			name = Release;
		};
		1CA32C352D4E999100B65243 /* Debug */ = {
			isa = XCBuildConfiguration;
			buildSettings = {
				ALWAYS_EMBED_SWIFT_STANDARD_LIBRARIES = YES;
				BUNDLE_LOADER = "$(TEST_HOST)";
				CODE_SIGN_STYLE = Automatic;
				CURRENT_PROJECT_VERSION = 1;
				GENERATE_INFOPLIST_FILE = YES;
				IPHONEOS_DEPLOYMENT_TARGET = 17.4;
				MARKETING_VERSION = 1.0;
				PRODUCT_BUNDLE_IDENTIFIER = hailey.hackatbrownTests;
				PRODUCT_NAME = "$(TARGET_NAME)";
				SWIFT_EMIT_LOC_STRINGS = NO;
				SWIFT_VERSION = 5.0;
				TARGETED_DEVICE_FAMILY = "1,2";
				TEST_HOST = "$(BUILT_PRODUCTS_DIR)/hackatbrown.app/$(BUNDLE_EXECUTABLE_FOLDER_PATH)/hackatbrown";
			};
			name = Debug;
		};
		1CA32C362D4E999100B65243 /* Release */ = {
			isa = XCBuildConfiguration;
			buildSettings = {
				ALWAYS_EMBED_SWIFT_STANDARD_LIBRARIES = YES;
				BUNDLE_LOADER = "$(TEST_HOST)";
				CODE_SIGN_STYLE = Automatic;
				CURRENT_PROJECT_VERSION = 1;
				GENERATE_INFOPLIST_FILE = YES;
				IPHONEOS_DEPLOYMENT_TARGET = 17.4;
				MARKETING_VERSION = 1.0;
				PRODUCT_BUNDLE_IDENTIFIER = hailey.hackatbrownTests;
				PRODUCT_NAME = "$(TARGET_NAME)";
				SWIFT_EMIT_LOC_STRINGS = NO;
				SWIFT_VERSION = 5.0;
				TARGETED_DEVICE_FAMILY = "1,2";
				TEST_HOST = "$(BUILT_PRODUCTS_DIR)/hackatbrown.app/$(BUNDLE_EXECUTABLE_FOLDER_PATH)/hackatbrown";
			};
			name = Release;
		};
		1CA32C382D4E999100B65243 /* Debug */ = {
			isa = XCBuildConfiguration;
			buildSettings = {
				ALWAYS_EMBED_SWIFT_STANDARD_LIBRARIES = YES;
				CODE_SIGN_STYLE = Automatic;
				CURRENT_PROJECT_VERSION = 1;
				GENERATE_INFOPLIST_FILE = YES;
				MARKETING_VERSION = 1.0;
				PRODUCT_BUNDLE_IDENTIFIER = hailey.hackatbrownUITests;
				PRODUCT_NAME = "$(TARGET_NAME)";
				SWIFT_EMIT_LOC_STRINGS = NO;
				SWIFT_VERSION = 5.0;
				TARGETED_DEVICE_FAMILY = "1,2";
				TEST_TARGET_NAME = hackatbrown;
			};
			name = Debug;
		};
		1CA32C392D4E999100B65243 /* Release */ = {
			isa = XCBuildConfiguration;
			buildSettings = {
				ALWAYS_EMBED_SWIFT_STANDARD_LIBRARIES = YES;
				CODE_SIGN_STYLE = Automatic;
				CURRENT_PROJECT_VERSION = 1;
				GENERATE_INFOPLIST_FILE = YES;
				MARKETING_VERSION = 1.0;
				PRODUCT_BUNDLE_IDENTIFIER = hailey.hackatbrownUITests;
				PRODUCT_NAME = "$(TARGET_NAME)";
				SWIFT_EMIT_LOC_STRINGS = NO;
				SWIFT_VERSION = 5.0;
				TARGETED_DEVICE_FAMILY = "1,2";
				TEST_TARGET_NAME = hackatbrown;
			};
			name = Release;
		};
/* End XCBuildConfiguration section */

/* Begin XCConfigurationList section */
		1CA32C082D4E999000B65243 /* Build configuration list for PBXProject "hackatbrown" */ = {
			isa = XCConfigurationList;
			buildConfigurations = (
				1CA32C2F2D4E999100B65243 /* Debug */,
				1CA32C302D4E999100B65243 /* Release */,
			);
			defaultConfigurationIsVisible = 0;
			defaultConfigurationName = Release;
		};
		1CA32C312D4E999100B65243 /* Build configuration list for PBXNativeTarget "hackatbrown" */ = {
			isa = XCConfigurationList;
			buildConfigurations = (
				1CA32C322D4E999100B65243 /* Debug */,
				1CA32C332D4E999100B65243 /* Release */,
			);
			defaultConfigurationIsVisible = 0;
			defaultConfigurationName = Release;
		};
		1CA32C342D4E999100B65243 /* Build configuration list for PBXNativeTarget "hackatbrownTests" */ = {
			isa = XCConfigurationList;
			buildConfigurations = (
				1CA32C352D4E999100B65243 /* Debug */,
				1CA32C362D4E999100B65243 /* Release */,
			);
			defaultConfigurationIsVisible = 0;
			defaultConfigurationName = Release;
		};
		1CA32C372D4E999100B65243 /* Build configuration list for PBXNativeTarget "hackatbrownUITests" */ = {
			isa = XCConfigurationList;
			buildConfigurations = (
				1CA32C382D4E999100B65243 /* Debug */,
				1CA32C392D4E999100B65243 /* Release */,
			);
			defaultConfigurationIsVisible = 0;
			defaultConfigurationName = Release;
		};
/* End XCConfigurationList section */

/* Begin XCRemoteSwiftPackageReference section */
		1CA32C412D4E9CE600B65243 /* XCRemoteSwiftPackageReference "firebase-ios-sdk" */ = {
			isa = XCRemoteSwiftPackageReference;
			repositoryURL = "https://github.com/firebase/firebase-ios-sdk";
			requirement = {
				kind = upToNextMajorVersion;
				minimumVersion = 11.7.0;
			};
		};
/* End XCRemoteSwiftPackageReference section */

/* Begin XCSwiftPackageProductDependency section */
		1CA32C422D4E9CE600B65243 /* FirebaseAnalytics */ = {
			isa = XCSwiftPackageProductDependency;
			package = 1CA32C412D4E9CE600B65243 /* XCRemoteSwiftPackageReference "firebase-ios-sdk" */;
			productName = FirebaseAnalytics;
		};
		1CA32C442D4E9CE600B65243 /* FirebaseAnalyticsWithoutAdIdSupport */ = {
			isa = XCSwiftPackageProductDependency;
			package = 1CA32C412D4E9CE600B65243 /* XCRemoteSwiftPackageReference "firebase-ios-sdk" */;
			productName = FirebaseAnalyticsWithoutAdIdSupport;
		};
		1CA32C4E2D4EA17700B65243 /* FirebaseAuth */ = {
			isa = XCSwiftPackageProductDependency;
			package = 1CA32C412D4E9CE600B65243 /* XCRemoteSwiftPackageReference "firebase-ios-sdk" */;
			productName = FirebaseAuth;
		};
		1CA32C502D4EA17700B65243 /* FirebaseCore */ = {
			isa = XCSwiftPackageProductDependency;
			package = 1CA32C412D4E9CE600B65243 /* XCRemoteSwiftPackageReference "firebase-ios-sdk" */;
			productName = FirebaseCore;
		};
		1CA32C522D4EA17700B65243 /* FirebaseFirestore */ = {
			isa = XCSwiftPackageProductDependency;
			package = 1CA32C412D4E9CE600B65243 /* XCRemoteSwiftPackageReference "firebase-ios-sdk" */;
			productName = FirebaseFirestore;
		};
/* End XCSwiftPackageProductDependency section */
	};
	rootObject = 1CA32C052D4E999000B65243 /* Project object */;
}
